
Microsoft Visual Studio Solution File, Format Version 12.00
# Visual Studio Version 17
VisualStudioVersion = 17.11.35219.272
MinimumVisualStudioVersion = 10.0.40219.1
Project("{9A19103F-16F7-4668-BE54-9A1E7A4F7556}") = "ContosoUni", "ContosoUni\ContosoUni.csproj", "{7E40BA28-4B5C-4FAA-9F4D-B92A6FEB9CCA}"
EndProject
Global
	GlobalSection(SolutionConfigurationPlatforms) = preSolution
		Debug|Any CPU = Debug|Any CPU
		Release|Any CPU = Release|Any CPU
	EndGlobalSection
	GlobalSection(ProjectConfigurationPlatforms) = postSolution
		{7E40BA28-4B5C-4FAA-9F4D-B92A6FEB9CCA}.Debug|Any CPU.ActiveCfg = Debug|Any CPU
		{7E40BA28-4B5C-4FAA-9F4D-B92A6FEB9CCA}.Debug|Any CPU.Build.0 = Debug|Any CPU
		{7E40BA28-4B5C-4FAA-9F4D-B92A6FEB9CCA}.Release|Any CPU.ActiveCfg = Release|Any CPU
		{7E40BA28-4B5C-4FAA-9F4D-B92A6FEB9CCA}.Release|Any CPU.Build.0 = Release|Any CPU
	EndGlobalSection
	GlobalSection(SolutionProperties) = preSolution
		HideSolutionNode = FALSE
	EndGlobalSection
	GlobalSection(ExtensibilityGlobals) = postSolution
		SolutionGuid = {6BDD0D1D-F3C2-4826-BCF2-F97E35AC2CED}
	EndGlobalSection
EndGlobal
